// !$*UTF8*$!
{
	archiveVersion = 1;
	classes = {
	};
	objectVersion = 77;
	objects = {

/* Begin PBXBuildFile section */
		206D898F50D4A29735A1BD3D /* QuietCore in Frameworks */ = {isa = PBXBuildFile; productRef = 9704EE3B4D2426EE434FE056 /* QuietCore */; };
		24515E9102F9565361E03773 /* QuietCore in Frameworks */ = {isa = PBXBuildFile; productRef = F03D0E6621DE3C5E2B94F2AC /* QuietCore */; };
		55DF5F3B41000BBDE8DBF80D /* IndieKit in Frameworks */ = {isa = PBXBuildFile; productRef = 0D5E79A5B360742653F5EA79 /* IndieKit */; };
		AC298F90304DE9B7003A0093 /* Quiet Extension.appex in Embed Foundation Extensions */ = {isa = PBXBuildFile; fileRef = AC298F8F304DE9B7003A0093 /* Quiet Extension.appex */; settings = {ATTRIBUTES = (RemoveHeadersOnCopy, ); }; };
		AC298F9A304DE9B7003A0093 /* Quiet Extension.appex in Embed Foundation Extensions */ = {isa = PBXBuildFile; fileRef = AC298F99304DE9B7003A0093 /* Quiet Extension.appex */; settings = {ATTRIBUTES = (RemoveHeadersOnCopy, ); }; };
		B743AFAE82B94A4732DE897D /* IndieKit in Frameworks */ = {isa = PBXBuildFile; productRef = A986A9D5AB4046F6F7BBE3A7 /* IndieKit */; };
		CBC1E6545C77B99A1C92F80F /* QuietCore in Frameworks */ = {isa = PBXBuildFile; productRef = 10B6406459E92325CB4FF157 /* QuietCore */; };
		ED410153C6B51A3711AF4B98 /* QuietCore in Frameworks */ = {isa = PBXBuildFile; productRef = ECECF32D9AA2D828697A1867 /* QuietCore */; };
/* End PBXBuildFile section */

/* Begin PBXContainerItemProxy section */
		AC298F91304DE9B7003A0093 /* PBXContainerItemProxy */ = {
			isa = PBXContainerItemProxy;
			containerPortal = AC298F56304DE9B6003A0093 /* Project object */;
			proxyType = 1;
			remoteGlobalIDString = AC298F8E304DE9B7003A0093;
			remoteInfo = "Quiet Extension (iOS)";
		};
		AC298F9B304DE9B7003A0093 /* PBXContainerItemProxy */ = {
			isa = PBXContainerItemProxy;
			containerPortal = AC298F56304DE9B6003A0093 /* Project object */;
			proxyType = 1;
			remoteGlobalIDString = AC298F98304DE9B7003A0093;
			remoteInfo = "Quiet Extension (macOS)";
		};
/* End PBXContainerItemProxy section */

/* Begin PBXCopyFilesBuildPhase section */
		AC298FC2304DE9B7003A0093 /* Embed Foundation Extensions */ = {
			isa = PBXCopyFilesBuildPhase;
			buildActionMask = 2147483647;
			dstPath = "";
			dstSubfolderSpec = 13;
			files = (
				AC298F90304DE9B7003A0093 /* Quiet Extension.appex in Embed Foundation Extensions */,
			);
			name = "Embed Foundation Extensions";
			runOnlyForDeploymentPostprocessing = 0;
		};
		AC298FCC304DE9B7003A0093 /* Embed Foundation Extensions */ = {
			isa = PBXCopyFilesBuildPhase;
			buildActionMask = 2147483647;
			dstPath = "";
			dstSubfolderSpec = 13;
			files = (
				AC298F9A304DE9B7003A0093 /* Quiet Extension.appex in Embed Foundation Extensions */,
			);
			name = "Embed Foundation Extensions";
			runOnlyForDeploymentPostprocessing = 0;
		};
/* End PBXCopyFilesBuildPhase section */

/* Begin PBXFileReference section */
		AC298F72304DE9B7003A0093 /* Quiet.app */ = {isa = PBXFileReference; explicitFileType = wrapper.application; includeInIndex = 0; path = Quiet.app; sourceTree = BUILT_PRODUCTS_DIR; };
		AC298F84304DE9B7003A0093 /* Quiet.app */ = {isa = PBXFileReference; explicitFileType = wrapper.application; includeInIndex = 0; path = Quiet.app; sourceTree = BUILT_PRODUCTS_DIR; };
		AC298F8F304DE9B7003A0093 /* Quiet Extension.appex */ = {isa = PBXFileReference; explicitFileType = "wrapper.app-extension"; includeInIndex = 0; path = "Quiet Extension.appex"; sourceTree = BUILT_PRODUCTS_DIR; };
		AC298F99304DE9B7003A0093 /* Quiet Extension.appex */ = {isa = PBXFileReference; explicitFileType = "wrapper.app-extension"; includeInIndex = 0; path = "Quiet Extension.appex"; sourceTree = BUILT_PRODUCTS_DIR; };
		C5DF7CFB2B91E8EE405FDD04 /* Quiet.storekit */ = {isa = PBXFileReference; includeInIndex = 1; path = Quiet.storekit; sourceTree = "<group>"; };
/* End PBXFileReference section */

/* Begin PBXFileSystemSynchronizedBuildFileExceptionSet section */
		AC298FBD304DE9B7003A0093 /* Exceptions for "Shared (App)" folder in "Quiet (iOS)" target */ = {
			isa = PBXFileSystemSynchronizedBuildFileExceptionSet;
			membershipExceptions = (
				"/Localized: Resources/Main.html",
				Assets.xcassets,
				Resources/Icon.png,
				Resources/Script.js,
				Resources/Style.css,
				ViewController.swift,
			);
			target = AC298F71304DE9B7003A0093 /* Quiet (iOS) */;
		};
		AC298FC1304DE9B7003A0093 /* Exceptions for "iOS (Extension)" folder in "Quiet Extension (iOS)" target */ = {
			isa = PBXFileSystemSynchronizedBuildFileExceptionSet;
			membershipExceptions = (
				Info.plist,
			);
			target = AC298F8E304DE9B7003A0093 /* Quiet Extension (iOS) */;
		};
		AC298FC6304DE9B7003A0093 /* Exceptions for "iOS (App)" folder in "Quiet (iOS)" target */ = {
			isa = PBXFileSystemSynchronizedBuildFileExceptionSet;
			membershipExceptions = (
				Info.plist,
			);
			target = AC298F71304DE9B7003A0093 /* Quiet (iOS) */;
		};
		AC298FC7304DE9B7003A0093 /* Exceptions for "Shared (App)" folder in "Quiet (macOS)" target */ = {
			isa = PBXFileSystemSynchronizedBuildFileExceptionSet;
			membershipExceptions = (
				"/Localized: Resources/Main.html",
				Assets.xcassets,
				Resources/Icon.png,
				Resources/Script.js,
				Resources/Style.css,
				ViewController.swift,
			);
			target = AC298F83304DE9B7003A0093 /* Quiet (macOS) */;
		};
		AC298FCB304DE9B7003A0093 /* Exceptions for "macOS (Extension)" folder in "Quiet Extension (macOS)" target */ = {
			isa = PBXFileSystemSynchronizedBuildFileExceptionSet;
			membershipExceptions = (
				Info.plist,
			);
			target = AC298F98304DE9B7003A0093 /* Quiet Extension (macOS) */;
		};
		AC298FD0304DE9B7003A0093 /* Exceptions for "Shared (Extension)" folder in "Quiet Extension (iOS)" target */ = {
			isa = PBXFileSystemSynchronizedBuildFileExceptionSet;
			membershipExceptions = (
				Resources/_locales,
				Resources/background.js,
				Resources/content.js,
				"Resources/friction-engine.js",
				Resources/images,
				Resources/manifest.json,
				Resources/popup.css,
				Resources/popup.html,
				Resources/popup.js,
				"Resources/rules-engine.js",
				Resources/ruleset.json,
				"Resources/schedule-engine.js",
				SafariWebExtensionHandler.swift,
			);
			target = AC298F8E304DE9B7003A0093 /* Quiet Extension (iOS) */;
		};
		AC298FD1304DE9B7003A0093 /* Exceptions for "Shared (Extension)" folder in "Quiet Extension (macOS)" target */ = {
			isa = PBXFileSystemSynchronizedBuildFileExceptionSet;
			membershipExceptions = (
				Resources/_locales,
				Resources/background.js,
				Resources/content.js,
				"Resources/friction-engine.js",
				Resources/images,
				Resources/manifest.json,
				Resources/popup.css,
				Resources/popup.html,
				Resources/popup.js,
				"Resources/rules-engine.js",
				Resources/ruleset.json,
				"Resources/schedule-engine.js",
				SafariWebExtensionHandler.swift,
			);
			target = AC298F98304DE9B7003A0093 /* Quiet Extension (macOS) */;
		};
/* End PBXFileSystemSynchronizedBuildFileExceptionSet section */

/* Begin PBXFileSystemSynchronizedRootGroup section */
		AC298F5A304DE9B6003A0093 /* Shared (App) */ = {
			isa = PBXFileSystemSynchronizedRootGroup;
			exceptions = (
				AC298FBD304DE9B7003A0093 /* Exceptions for "Shared (App)" folder in "Quiet (iOS)" target */,
				AC298FC7304DE9B7003A0093 /* Exceptions for "Shared (App)" folder in "Quiet (macOS)" target */,
			);
			path = "Shared (App)";
			sourceTree = "<group>";
		};
		AC298F63304DE9B7003A0093 /* Shared (Extension) */ = {
			isa = PBXFileSystemSynchronizedRootGroup;
			exceptions = (
				AC298FD0304DE9B7003A0093 /* Exceptions for "Shared (Extension)" folder in "Quiet Extension (iOS)" target */,
				AC298FD1304DE9B7003A0093 /* Exceptions for "Shared (Extension)" folder in "Quiet Extension (macOS)" target */,
			);
			explicitFolders = (
				Resources/_locales,
				Resources/images,
			);
			path = "Shared (Extension)";
			sourceTree = "<group>";
		};
		AC298F74304DE9B7003A0093 /* iOS (App) */ = {
			isa = PBXFileSystemSynchronizedRootGroup;
			exceptions = (
				AC298FC6304DE9B7003A0093 /* Exceptions for "iOS (App)" folder in "Quiet (iOS)" target */,
			);
			path = "iOS (App)";
			sourceTree = "<group>";
		};
		AC298F85304DE9B7003A0093 /* macOS (App) */ = {
			isa = PBXFileSystemSynchronizedRootGroup;
			exceptions = (
			);
			path = "macOS (App)";
			sourceTree = "<group>";
		};
		AC298F93304DE9B7003A0093 /* iOS (Extension) */ = {
			isa = PBXFileSystemSynchronizedRootGroup;
			exceptions = (
				AC298FC1304DE9B7003A0093 /* Exceptions for "iOS (Extension)" folder in "Quiet Extension (iOS)" target */,
			);
			path = "iOS (Extension)";
			sourceTree = "<group>";
		};
		AC298F9D304DE9B7003A0093 /* macOS (Extension) */ = {
			isa = PBXFileSystemSynchronizedRootGroup;
			exceptions = (
				AC298FCB304DE9B7003A0093 /* Exceptions for "macOS (Extension)" folder in "Quiet Extension (macOS)" target */,
			);
			path = "macOS (Extension)";
			sourceTree = "<group>";
		};
/* End PBXFileSystemSynchronizedRootGroup section */

/* Begin PBXFrameworksBuildPhase section */
		AC298F6F304DE9B7003A0093 /* Frameworks */ = {
			isa = PBXFrameworksBuildPhase;
			buildActionMask = 2147483647;
			files = (
				CBC1E6545C77B99A1C92F80F /* QuietCore in Frameworks */,
				55DF5F3B41000BBDE8DBF80D /* IndieKit in Frameworks */,
			);
			runOnlyForDeploymentPostprocessing = 0;
		};
		AC298F81304DE9B7003A0093 /* Frameworks */ = {
			isa = PBXFrameworksBuildPhase;
			buildActionMask = 2147483647;
			files = (
				206D898F50D4A29735A1BD3D /* QuietCore in Frameworks */,
				B743AFAE82B94A4732DE897D /* IndieKit in Frameworks */,
			);
			runOnlyForDeploymentPostprocessing = 0;
		};
		AC298F8C304DE9B7003A0093 /* Frameworks */ = {
			isa = PBXFrameworksBuildPhase;
			buildActionMask = 2147483647;
			files = (
				24515E9102F9565361E03773 /* QuietCore in Frameworks */,
			);
			runOnlyForDeploymentPostprocessing = 0;
		};
		AC298F96304DE9B7003A0093 /* Frameworks */ = {
			isa = PBXFrameworksBuildPhase;
			buildActionMask = 2147483647;
			files = (
				ED410153C6B51A3711AF4B98 /* QuietCore in Frameworks */,
			);
			runOnlyForDeploymentPostprocessing = 0;
		};
/* End PBXFrameworksBuildPhase section */

/* Begin PBXGroup section */
		AC298F55304DE9B6003A0093 = {
			isa = PBXGroup;
			children = (
				AC298F5A304DE9B6003A0093 /* Shared (App) */,
				AC298F63304DE9B7003A0093 /* Shared (Extension) */,
				AC298F74304DE9B7003A0093 /* iOS (App) */,
				AC298F85304DE9B7003A0093 /* macOS (App) */,
				AC298F93304DE9B7003A0093 /* iOS (Extension) */,
				AC298F9D304DE9B7003A0093 /* macOS (Extension) */,
				AC298F73304DE9B7003A0093 /* Products */,
				C5DF7CFB2B91E8EE405FDD04 /* Quiet.storekit */,
			);
			sourceTree = "<group>";
		};
		AC298F73304DE9B7003A0093 /* Products */ = {
			isa = PBXGroup;
			children = (
				AC298F72304DE9B7003A0093 /* Quiet.app */,
				AC298F84304DE9B7003A0093 /* Quiet.app */,
				AC298F8F304DE9B7003A0093 /* Quiet Extension.appex */,
				AC298F99304DE9B7003A0093 /* Quiet Extension.appex */,
			);
			name = Products;
			sourceTree = "<group>";
		};
/* End PBXGroup section */

/* Begin PBXNativeTarget section */
		AC298F71304DE9B7003A0093 /* Quiet (iOS) */ = {
			isa = PBXNativeTarget;
			buildConfigurationList = AC298FC3304DE9B7003A0093 /* Build configuration list for PBXNativeTarget "Quiet (iOS)" */;
			buildPhases = (
				AC298F6E304DE9B7003A0093 /* Sources */,
				AC298F6F304DE9B7003A0093 /* Frameworks */,
				AC298F70304DE9B7003A0093 /* Resources */,
				AC298FC2304DE9B7003A0093 /* Embed Foundation Extensions */,
			);
			buildRules = (
			);
			dependencies = (
				AC298F92304DE9B7003A0093 /* PBXTargetDependency */,
			);
			fileSystemSynchronizedGroups = (
				AC298F74304DE9B7003A0093 /* iOS (App) */,
			);
			name = "Quiet (iOS)";
			packageProductDependencies = (
				10B6406459E92325CB4FF157 /* QuietCore */,
				0D5E79A5B360742653F5EA79 /* IndieKit */,
			);
			productName = "Quiet (iOS)";
			productReference = AC298F72304DE9B7003A0093 /* Quiet.app */;
			productType = "com.apple.product-type.application";
		};
		AC298F83304DE9B7003A0093 /* Quiet (macOS) */ = {
			isa = PBXNativeTarget;
			buildConfigurationList = AC298FCD304DE9B7003A0093 /* Build configuration list for PBXNativeTarget "Quiet (macOS)" */;
			buildPhases = (
				AC298F80304DE9B7003A0093 /* Sources */,
				AC298F81304DE9B7003A0093 /* Frameworks */,
				AC298F82304DE9B7003A0093 /* Resources */,
				AC298FCC304DE9B7003A0093 /* Embed Foundation Extensions */,
			);
			buildRules = (
			);
			dependencies = (
				AC298F9C304DE9B7003A0093 /* PBXTargetDependency */,
			);
			fileSystemSynchronizedGroups = (
				AC298F85304DE9B7003A0093 /* macOS (App) */,
			);
			name = "Quiet (macOS)";
			packageProductDependencies = (
				9704EE3B4D2426EE434FE056 /* QuietCore */,
				A986A9D5AB4046F6F7BBE3A7 /* IndieKit */,
			);
			productName = "Quiet (macOS)";
			productReference = AC298F84304DE9B7003A0093 /* Quiet.app */;
			productType = "com.apple.product-type.application";
		};
		AC298F8E304DE9B7003A0093 /* Quiet Extension (iOS) */ = {
			isa = PBXNativeTarget;
			buildConfigurationList = AC298FBE304DE9B7003A0093 /* Build configuration list for PBXNativeTarget "Quiet Extension (iOS)" */;
			buildPhases = (
				AC298F8B304DE9B7003A0093 /* Sources */,
				AC298F8C304DE9B7003A0093 /* Frameworks */,
				AC298F8D304DE9B7003A0093 /* Resources */,
			);
			buildRules = (
			);
			dependencies = (
			);
			fileSystemSynchronizedGroups = (
				AC298F93304DE9B7003A0093 /* iOS (Extension) */,
			);
			name = "Quiet Extension (iOS)";
			packageProductDependencies = (
				F03D0E6621DE3C5E2B94F2AC /* QuietCore */,
			);
			productName = "Quiet Extension (iOS)";
			productReference = AC298F8F304DE9B7003A0093 /* Quiet Extension.appex */;
			productType = "com.apple.product-type.app-extension";
		};
		AC298F98304DE9B7003A0093 /* Quiet Extension (macOS) */ = {
			isa = PBXNativeTarget;
			buildConfigurationList = AC298FC8304DE9B7003A0093 /* Build configuration list for PBXNativeTarget "Quiet Extension (macOS)" */;
			buildPhases = (
				AC298F95304DE9B7003A0093 /* Sources */,
				AC298F96304DE9B7003A0093 /* Frameworks */,
				AC298F97304DE9B7003A0093 /* Resources */,
			);
			buildRules = (
			);
			dependencies = (
			);
			fileSystemSynchronizedGroups = (
				AC298F9D304DE9B7003A0093 /* macOS (Extension) */,
			);
			name = "Quiet Extension (macOS)";
			packageProductDependencies = (
				ECECF32D9AA2D828697A1867 /* QuietCore */,
			);
			productName = "Quiet Extension (macOS)";
			productReference = AC298F99304DE9B7003A0093 /* Quiet Extension.appex */;
			productType = "com.apple.product-type.app-extension";
		};
/* End PBXNativeTarget section */

/* Begin PBXProject section */
		AC298F56304DE9B6003A0093 /* Project object */ = {
			isa = PBXProject;
			attributes = {
				BuildIndependentTargetsInParallel = 1;
				LastSwiftUpdateCheck = 2640;
				LastUpgradeCheck = 2640;
				TargetAttributes = {
					AC298F71304DE9B7003A0093 = {
						CreatedOnToolsVersion = 26.4;
					};
					AC298F83304DE9B7003A0093 = {
						CreatedOnToolsVersion = 26.4;
					};
					AC298F8E304DE9B7003A0093 = {
						CreatedOnToolsVersion = 26.4;
					};
					AC298F98304DE9B7003A0093 = {
						CreatedOnToolsVersion = 26.4;
					};
				};
			};
			buildConfigurationList = AC298F59304DE9B6003A0093 /* Build configuration list for PBXProject "Quiet" */;
			developmentRegion = en;
			hasScannedForEncodings = 0;
			knownRegions = (
				en,
				Base,
			);
			mainGroup = AC298F55304DE9B6003A0093;
			minimizedProjectReferenceProxies = 1;
			packageReferences = (
				EDEFA45E395AB030CB5CD14B /* XCLocalSwiftPackageReference "QuietCore" */,
				722C1FF0E95C0717771ED168 /* XCLocalSwiftPackageReference "IndieKit" */,
			);
			preferredProjectObjectVersion = 77;
			productRefGroup = AC298F73304DE9B7003A0093 /* Products */;
			projectDirPath = "";
			projectRoot = "";
			targets = (
				AC298F71304DE9B7003A0093 /* Quiet (iOS) */,
				AC298F83304DE9B7003A0093 /* Quiet (macOS) */,
				AC298F8E304DE9B7003A0093 /* Quiet Extension (iOS) */,
				AC298F98304DE9B7003A0093 /* Quiet Extension (macOS) */,
			);
		};
/* End PBXProject section */

/* Begin PBXResourcesBuildPhase section */
		AC298F70304DE9B7003A0093 /* Resources */ = {
			isa = PBXResourcesBuildPhase;
			buildActionMask = 2147483647;
			files = (
			);
			runOnlyForDeploymentPostprocessing = 0;
		};
		AC298F82304DE9B7003A0093 /* Resources */ = {
			isa = PBXResourcesBuildPhase;
			buildActionMask = 2147483647;
			files = (
			);
			runOnlyForDeploymentPostprocessing = 0;
		};
		AC298F8D304DE9B7003A0093 /* Resources */ = {
			isa = PBXResourcesBuildPhase;
			buildActionMask = 2147483647;
			files = (
			);
			runOnlyForDeploymentPostprocessing = 0;
		};
		AC298F97304DE9B7003A0093 /* Resources */ = {
			isa = PBXResourcesBuildPhase;
			buildActionMask = 2147483647;
			files = (
			);
			runOnlyForDeploymentPostprocessing = 0;
		};
/* End PBXResourcesBuildPhase section */

/* Begin PBXSourcesBuildPhase section */
		AC298F6E304DE9B7003A0093 /* Sources */ = {
			isa = PBXSourcesBuildPhase;
			buildActionMask = 2147483647;
			files = (
			);
			runOnlyForDeploymentPostprocessing = 0;
		};
		AC298F80304DE9B7003A0093 /* Sources */ = {
			isa = PBXSourcesBuildPhase;
			buildActionMask = 2147483647;
			files = (
			);
			runOnlyForDeploymentPostprocessing = 0;
		};
		AC298F8B304DE9B7003A0093 /* Sources */ = {
			isa = PBXSourcesBuildPhase;
			buildActionMask = 2147483647;
			files = (
			);
			runOnlyForDeploymentPostprocessing = 0;
		};
		AC298F95304DE9B7003A0093 /* Sources */ = {
			isa = PBXSourcesBuildPhase;
			buildActionMask = 2147483647;
			files = (
			);
			runOnlyForDeploymentPostprocessing = 0;
		};
/* End PBXSourcesBuildPhase section */

/* Begin PBXTargetDependency section */
		AC298F92304DE9B7003A0093 /* PBXTargetDependency */ = {
			isa = PBXTargetDependency;
			target = AC298F8E304DE9B7003A0093 /* Quiet Extension (iOS) */;
			targetProxy = AC298F91304DE9B7003A0093 /* PBXContainerItemProxy */;
		};
		AC298F9C304DE9B7003A0093 /* PBXTargetDependency */ = {
			isa = PBXTargetDependency;
			target = AC298F98304DE9B7003A0093 /* Quiet Extension (macOS) */;
			targetProxy = AC298F9B304DE9B7003A0093 /* PBXContainerItemProxy */;
		};
/* End PBXTargetDependency section */

/* Begin XCBuildConfiguration section */
		AC298FBF304DE9B7003A0093 /* Debug */ = {
			isa = XCBuildConfiguration;
			buildSettings = {
				CODE_SIGN_ENTITLEMENTS = "Entitlements/QuietExtension-iOS.entitlements";
				CODE_SIGN_STYLE = Automatic;
				CURRENT_PROJECT_VERSION = 1;
				DEVELOPMENT_TEAM = CU82DCKHTL;
				GENERATE_INFOPLIST_FILE = YES;
				INFOPLIST_FILE = "iOS (Extension)/Info.plist";
				INFOPLIST_KEY_CFBundleDisplayName = "Quiet Extension";
				INFOPLIST_KEY_NSHumanReadableCopyright = "";
				IPHONEOS_DEPLOYMENT_TARGET = 17.0;
				LD_RUNPATH_SEARCH_PATHS = (
					"$(inherited)",
					"@executable_path/Frameworks",
					"@executable_path/../../Frameworks",
				);
				MARKETING_VERSION = 1.0;
				OTHER_LDFLAGS = (
					"-framework",
					SafariServices,
				);
				PRODUCT_BUNDLE_IDENTIFIER = com.app.Quiet.Extension;
				PRODUCT_NAME = "Quiet Extension";
				SDKROOT = iphoneos;
				SKIP_INSTALL = YES;
				STRING_CATALOG_GENERATE_SYMBOLS = YES;
				SWIFT_APPROACHABLE_CONCURRENCY = YES;
				SWIFT_EMIT_LOC_STRINGS = YES;
				SWIFT_UPCOMING_FEATURE_MEMBER_IMPORT_VISIBILITY = YES;
				SWIFT_VERSION = 5.0;
				TARGETED_DEVICE_FAMILY = "1,2";
			};
			name = Debug;
		};
		AC298FC0304DE9B7003A0093 /* Release */ = {
			isa = XCBuildConfiguration;
			buildSettings = {
				CODE_SIGN_ENTITLEMENTS = "Entitlements/QuietExtension-iOS.entitlements";
				CODE_SIGN_STYLE = Automatic;
				CURRENT_PROJECT_VERSION = 1;
				DEVELOPMENT_TEAM = CU82DCKHTL;
				GENERATE_INFOPLIST_FILE = YES;
				INFOPLIST_FILE = "iOS (Extension)/Info.plist";
				INFOPLIST_KEY_CFBundleDisplayName = "Quiet Extension";
				INFOPLIST_KEY_NSHumanReadableCopyright = "";
				IPHONEOS_DEPLOYMENT_TARGET = 17.0;
				LD_RUNPATH_SEARCH_PATHS = (
					"$(inherited)",
					"@executable_path/Frameworks",
					"@executable_path/../../Frameworks",
				);
				MARKETING_VERSION = 1.0;
				OTHER_LDFLAGS = (
					"-framework",
					SafariServices,
				);
				PRODUCT_BUNDLE_IDENTIFIER = com.app.Quiet.Extension;
				PRODUCT_NAME = "Quiet Extension";
				SDKROOT = iphoneos;
				SKIP_INSTALL = YES;
				STRING_CATALOG_GENERATE_SYMBOLS = YES;
				SWIFT_APPROACHABLE_CONCURRENCY = YES;
				SWIFT_EMIT_LOC_STRINGS = YES;
				SWIFT_UPCOMING_FEATURE_MEMBER_IMPORT_VISIBILITY = YES;
				SWIFT_VERSION = 5.0;
				TARGETED_DEVICE_FAMILY = "1,2";
				VALIDATE_PRODUCT = YES;
			};
			name = Release;
		};
		AC298FC4304DE9B7003A0093 /* Debug */ = {
			isa = XCBuildConfiguration;
			buildSettings = {
				ASSETCATALOG_COMPILER_APPICON_NAME = AppIcon;
				ASSETCATALOG_COMPILER_GLOBAL_ACCENT_COLOR_NAME = AccentColor;
				CODE_SIGN_ENTITLEMENTS = "Entitlements/Quiet-iOS.entitlements";
				CODE_SIGN_STYLE = Automatic;
				CURRENT_PROJECT_VERSION = 1;
				DEVELOPMENT_TEAM = CU82DCKHTL;
				GENERATE_INFOPLIST_FILE = YES;
				INFOPLIST_FILE = "iOS (App)/Info.plist";
				INFOPLIST_KEY_CFBundleDisplayName = Quiet;
				INFOPLIST_KEY_UIApplicationSupportsIndirectInputEvents = YES;
				INFOPLIST_KEY_UILaunchStoryboardName = LaunchScreen;
				INFOPLIST_KEY_UIMainStoryboardFile = Main;
				INFOPLIST_KEY_UISupportedInterfaceOrientations = "UIInterfaceOrientationPortrait UIInterfaceOrientationLandscapeLeft UIInterfaceOrientationLandscapeRight";
				INFOPLIST_KEY_UISupportedInterfaceOrientations_iPad = "UIInterfaceOrientationPortrait UIInterfaceOrientationPortraitUpsideDown UIInterfaceOrientationLandscapeLeft UIInterfaceOrientationLandscapeRight";
				IPHONEOS_DEPLOYMENT_TARGET = 17.0;
				LD_RUNPATH_SEARCH_PATHS = (
					"$(inherited)",
					"@executable_path/Frameworks",
				);
				MARKETING_VERSION = 1.0;
				OTHER_LDFLAGS = (
					"-framework",
					SafariServices,
					"-framework",
					WebKit,
				);
				PRODUCT_BUNDLE_IDENTIFIER = com.app.Quiet;
				PRODUCT_NAME = Quiet;
				SDKROOT = iphoneos;
				STRING_CATALOG_GENERATE_SYMBOLS = YES;
				SWIFT_APPROACHABLE_CONCURRENCY = YES;
				SWIFT_DEFAULT_ACTOR_ISOLATION = MainActor;
				SWIFT_EMIT_LOC_STRINGS = YES;
				SWIFT_UPCOMING_FEATURE_MEMBER_IMPORT_VISIBILITY = YES;
				SWIFT_VERSION = 5.0;
				TARGETED_DEVICE_FAMILY = "1,2";
			};
			name = Debug;
		};
		AC298FC5304DE9B7003A0093 /* Release */ = {
			isa = XCBuildConfiguration;
			buildSettings = {
				ASSETCATALOG_COMPILER_APPICON_NAME = AppIcon;
				ASSETCATALOG_COMPILER_GLOBAL_ACCENT_COLOR_NAME = AccentColor;
				CODE_SIGN_ENTITLEMENTS = "Entitlements/Quiet-iOS.entitlements";
				CODE_SIGN_STYLE = Automatic;
				CURRENT_PROJECT_VERSION = 1;
				DEVELOPMENT_TEAM = CU82DCKHTL;
				GENERATE_INFOPLIST_FILE = YES;
				INFOPLIST_FILE = "iOS (App)/Info.plist";
				INFOPLIST_KEY_CFBundleDisplayName = Quiet;
				INFOPLIST_KEY_UIApplicationSupportsIndirectInputEvents = YES;
				INFOPLIST_KEY_UILaunchStoryboardName = LaunchScreen;
				INFOPLIST_KEY_UIMainStoryboardFile = Main;
				INFOPLIST_KEY_UISupportedInterfaceOrientations = "UIInterfaceOrientationPortrait UIInterfaceOrientationLandscapeLeft UIInterfaceOrientationLandscapeRight";
				INFOPLIST_KEY_UISupportedInterfaceOrientations_iPad = "UIInterfaceOrientationPortrait UIInterfaceOrientationPortraitUpsideDown UIInterfaceOrientationLandscapeLeft UIInterfaceOrientationLandscapeRight";
				IPHONEOS_DEPLOYMENT_TARGET = 17.0;
				LD_RUNPATH_SEARCH_PATHS = (
					"$(inherited)",
					"@executable_path/Frameworks",
				);
				MARKETING_VERSION = 1.0;
				OTHER_LDFLAGS = (
					"-framework",
					SafariServices,
					"-framework",
					WebKit,
				);
				PRODUCT_BUNDLE_IDENTIFIER = com.app.Quiet;
				PRODUCT_NAME = Quiet;
				SDKROOT = iphoneos;
				STRING_CATALOG_GENERATE_SYMBOLS = YES;
				SWIFT_APPROACHABLE_CONCURRENCY = YES;
				SWIFT_DEFAULT_ACTOR_ISOLATION = MainActor;
				SWIFT_EMIT_LOC_STRINGS = YES;
				SWIFT_UPCOMING_FEATURE_MEMBER_IMPORT_VISIBILITY = YES;
				SWIFT_VERSION = 5.0;
				TARGETED_DEVICE_FAMILY = "1,2";
				VALIDATE_PRODUCT = YES;
			};
			name = Release;
		};
		AC298FC9304DE9B7003A0093 /* Debug */ = {
			isa = XCBuildConfiguration;
			buildSettings = {
				CODE_SIGN_ENTITLEMENTS = "Entitlements/QuietExtension-macOS.entitlements";
				CODE_SIGN_STYLE = Automatic;
				CURRENT_PROJECT_VERSION = 1;
				DEVELOPMENT_TEAM = CU82DCKHTL;
				ENABLE_APP_SANDBOX = YES;
				ENABLE_HARDENED_RUNTIME = YES;
				ENABLE_USER_SELECTED_FILES = readonly;
				GENERATE_INFOPLIST_FILE = YES;
				INFOPLIST_FILE = "macOS (Extension)/Info.plist";
				INFOPLIST_KEY_CFBundleDisplayName = "Quiet Extension";
				INFOPLIST_KEY_NSHumanReadableCopyright = "";
				LD_RUNPATH_SEARCH_PATHS = (
					"$(inherited)",
					"@executable_path/../Frameworks",
					"@executable_path/../../../../Frameworks",
				);
				MACOSX_DEPLOYMENT_TARGET = 14.0;
				MARKETING_VERSION = 1.0;
				OTHER_LDFLAGS = (
					"-framework",
					SafariServices,
				);
				PRODUCT_BUNDLE_IDENTIFIER = com.app.Quiet.Extension;
				PRODUCT_NAME = "Quiet Extension";
				SDKROOT = macosx;
				SKIP_INSTALL = YES;
				STRING_CATALOG_GENERATE_SYMBOLS = YES;
				SWIFT_APPROACHABLE_CONCURRENCY = YES;
				SWIFT_EMIT_LOC_STRINGS = YES;
				SWIFT_UPCOMING_FEATURE_MEMBER_IMPORT_VISIBILITY = YES;
				SWIFT_VERSION = 5.0;
			};
			name = Debug;
		};
		AC298FCA304DE9B7003A0093 /* Release */ = {
			isa = XCBuildConfiguration;
			buildSettings = {
				CODE_SIGN_ENTITLEMENTS = "Entitlements/QuietExtension-macOS.entitlements";
				CODE_SIGN_STYLE = Automatic;
				CURRENT_PROJECT_VERSION = 1;
				DEVELOPMENT_TEAM = CU82DCKHTL;
				ENABLE_APP_SANDBOX = YES;
				ENABLE_HARDENED_RUNTIME = YES;
				ENABLE_USER_SELECTED_FILES = readonly;
				GENERATE_INFOPLIST_FILE = YES;
				INFOPLIST_FILE = "macOS (Extension)/Info.plist";
				INFOPLIST_KEY_CFBundleDisplayName = "Quiet Extension";
				INFOPLIST_KEY_NSHumanReadableCopyright = "";
				LD_RUNPATH_SEARCH_PATHS = (
					"$(inherited)",
					"@executable_path/../Frameworks",
					"@executable_path/../../../../Frameworks",
				);
				MACOSX_DEPLOYMENT_TARGET = 14.0;
				MARKETING_VERSION = 1.0;
				OTHER_LDFLAGS = (
					"-framework",
					SafariServices,
				);
				PRODUCT_BUNDLE_IDENTIFIER = com.app.Quiet.Extension;
				PRODUCT_NAME = "Quiet Extension";
				SDKROOT = macosx;
				SKIP_INSTALL = YES;
				STRING_CATALOG_GENERATE_SYMBOLS = YES;
				SWIFT_APPROACHABLE_CONCURRENCY = YES;
				SWIFT_EMIT_LOC_STRINGS = YES;
				SWIFT_UPCOMING_FEATURE_MEMBER_IMPORT_VISIBILITY = YES;
				SWIFT_VERSION = 5.0;
			};
			name = Release;
		};
		AC298FCE304DE9B7003A0093 /* Debug */ = {
			isa = XCBuildConfiguration;
			buildSettings = {
				ASSETCATALOG_COMPILER_APPICON_NAME = AppIcon;
				ASSETCATALOG_COMPILER_GLOBAL_ACCENT_COLOR_NAME = AccentColor;
				CODE_SIGN_ENTITLEMENTS = "Entitlements/Quiet-macOS.entitlements";
				CODE_SIGN_STYLE = Automatic;
				CURRENT_PROJECT_VERSION = 1;
				DEVELOPMENT_TEAM = CU82DCKHTL;
				ENABLE_APP_SANDBOX = YES;
				ENABLE_HARDENED_RUNTIME = YES;
				ENABLE_OUTGOING_NETWORK_CONNECTIONS = YES;
				ENABLE_USER_SELECTED_FILES = readonly;
				GENERATE_INFOPLIST_FILE = YES;
				INFOPLIST_KEY_CFBundleDisplayName = Quiet;
				INFOPLIST_KEY_NSPrincipalClass = NSApplication;
				LD_RUNPATH_SEARCH_PATHS = (
					"$(inherited)",
					"@executable_path/../Frameworks",
				);
				MACOSX_DEPLOYMENT_TARGET = 14.0;
				MARKETING_VERSION = 1.0;
				OTHER_LDFLAGS = (
					"-framework",
					SafariServices,
					"-framework",
					WebKit,
				);
				PRODUCT_BUNDLE_IDENTIFIER = com.app.Quiet;
				PRODUCT_NAME = Quiet;
				REGISTER_APP_GROUPS = YES;
				SDKROOT = macosx;
				STRING_CATALOG_GENERATE_SYMBOLS = YES;
				SWIFT_APPROACHABLE_CONCURRENCY = YES;
				SWIFT_DEFAULT_ACTOR_ISOLATION = MainActor;
				SWIFT_EMIT_LOC_STRINGS = YES;
				SWIFT_UPCOMING_FEATURE_MEMBER_IMPORT_VISIBILITY = YES;
				SWIFT_VERSION = 5.0;
			};
			name = Debug;
		};
		AC298FCF304DE9B7003A0093 /* Release */ = {
			isa = XCBuildConfiguration;
			buildSettings = {
				ASSETCATALOG_COMPILER_APPICON_NAME = AppIcon;
				ASSETCATALOG_COMPILER_GLOBAL_ACCENT_COLOR_NAME = AccentColor;
				CODE_SIGN_ENTITLEMENTS = "Entitlements/Quiet-macOS.entitlements";
				CODE_SIGN_STYLE = Automatic;
				CURRENT_PROJECT_VERSION = 1;
				DEVELOPMENT_TEAM = CU82DCKHTL;
				ENABLE_APP_SANDBOX = YES;
				ENABLE_HARDENED_RUNTIME = YES;
				ENABLE_OUTGOING_NETWORK_CONNECTIONS = YES;
				ENABLE_USER_SELECTED_FILES = readonly;
				GENERATE_INFOPLIST_FILE = YES;
				INFOPLIST_KEY_CFBundleDisplayName = Quiet;
				INFOPLIST_KEY_NSPrincipalClass = NSApplication;
				LD_RUNPATH_SEARCH_PATHS = (
					"$(inherited)",
					"@executable_path/../Frameworks",
				);
				MACOSX_DEPLOYMENT_TARGET = 14.0;
				MARKETING_VERSION = 1.0;
				OTHER_LDFLAGS = (
					"-framework",
					SafariServices,
					"-framework",
					WebKit,
				);
				PRODUCT_BUNDLE_IDENTIFIER = com.app.Quiet;
				PRODUCT_NAME = Quiet;
				REGISTER_APP_GROUPS = YES;
				SDKROOT = macosx;
				STRING_CATALOG_GENERATE_SYMBOLS = YES;
				SWIFT_APPROACHABLE_CONCURRENCY = YES;
				SWIFT_DEFAULT_ACTOR_ISOLATION = MainActor;
				SWIFT_EMIT_LOC_STRINGS = YES;
				SWIFT_UPCOMING_FEATURE_MEMBER_IMPORT_VISIBILITY = YES;
				SWIFT_VERSION = 5.0;
			};
			name = Release;
		};
		AC298FD2304DE9B7003A0093 /* Debug */ = {
			isa = XCBuildConfiguration;
			buildSettings = {
				ALWAYS_SEARCH_USER_PATHS = NO;
				ASSETCATALOG_COMPILER_GENERATE_SWIFT_ASSET_SYMBOL_EXTENSIONS = YES;
				CLANG_ANALYZER_NONNULL = YES;
				CLANG_ANALYZER_NUMBER_OBJECT_CONVERSION = YES_AGGRESSIVE;
				CLANG_CXX_LANGUAGE_STANDARD = "gnu++20";
				CLANG_ENABLE_MODULES = YES;
				CLANG_ENABLE_OBJC_ARC = YES;
				CLANG_ENABLE_OBJC_WEAK = YES;
				CLANG_WARN_BLOCK_CAPTURE_AUTORELEASING = YES;
				CLANG_WARN_BOOL_CONVERSION = YES;
				CLANG_WARN_COMMA = YES;
				CLANG_WARN_CONSTANT_CONVERSION = YES;
				CLANG_WARN_DEPRECATED_OBJC_IMPLEMENTATIONS = YES;
				CLANG_WARN_DIRECT_OBJC_ISA_USAGE = YES_ERROR;
				CLANG_WARN_DOCUMENTATION_COMMENTS = YES;
				CLANG_WARN_EMPTY_BODY = YES;
				CLANG_WARN_ENUM_CONVERSION = YES;
				CLANG_WARN_INFINITE_RECURSION = YES;
				CLANG_WARN_INT_CONVERSION = YES;
				CLANG_WARN_NON_LITERAL_NULL_CONVERSION = YES;
				CLANG_WARN_OBJC_IMPLICIT_RETAIN_SELF = YES;
				CLANG_WARN_OBJC_LITERAL_CONVERSION = YES;
				CLANG_WARN_OBJC_ROOT_CLASS = YES_ERROR;
				CLANG_WARN_QUOTED_INCLUDE_IN_FRAMEWORK_HEADER = YES;
				CLANG_WARN_RANGE_LOOP_ANALYSIS = YES;
				CLANG_WARN_STRICT_PROTOTYPES = YES;
				CLANG_WARN_SUSPICIOUS_MOVE = YES;
				CLANG_WARN_UNGUARDED_AVAILABILITY = YES_AGGRESSIVE;
				CLANG_WARN_UNREACHABLE_CODE = YES;
				CLANG_WARN__DUPLICATE_METHOD_MATCH = YES;
				COPY_PHASE_STRIP = NO;
				DEBUG_INFORMATION_FORMAT = dwarf;
				ENABLE_STRICT_OBJC_MSGSEND = YES;
				ENABLE_TESTABILITY = YES;
				ENABLE_USER_SCRIPT_SANDBOXING = YES;
				GCC_C_LANGUAGE_STANDARD = gnu17;
				GCC_DYNAMIC_NO_PIC = NO;
				GCC_NO_COMMON_BLOCKS = YES;
				GCC_OPTIMIZATION_LEVEL = 0;
				GCC_PREPROCESSOR_DEFINITIONS = (
					"DEBUG=1",
					"$(inherited)",
				);
				GCC_WARN_64_TO_32_BIT_CONVERSION = YES;
				GCC_WARN_ABOUT_RETURN_TYPE = YES_ERROR;
				GCC_WARN_UNDECLARED_SELECTOR = YES;
				GCC_WARN_UNINITIALIZED_AUTOS = YES_AGGRESSIVE;
				GCC_WARN_UNUSED_FUNCTION = YES;
				GCC_WARN_UNUSED_VARIABLE = YES;
				LOCALIZATION_PREFERS_STRING_CATALOGS = YES;
				MTL_ENABLE_DEBUG_INFO = INCLUDE_SOURCE;
				MTL_FAST_MATH = YES;
				ONLY_ACTIVE_ARCH = YES;
				SWIFT_ACTIVE_COMPILATION_CONDITIONS = "DEBUG $(inherited)";
				SWIFT_OPTIMIZATION_LEVEL = "-Onone";
			};
			name = Debug;
		};
		AC298FD3304DE9B7003A0093 /* Release */ = {
			isa = XCBuildConfiguration;
			buildSettings = {
				ALWAYS_SEARCH_USER_PATHS = NO;
				ASSETCATALOG_COMPILER_GENERATE_SWIFT_ASSET_SYMBOL_EXTENSIONS = YES;
				CLANG_ANALYZER_NONNULL = YES;
				CLANG_ANALYZER_NUMBER_OBJECT_CONVERSION = YES_AGGRESSIVE;
				CLANG_CXX_LANGUAGE_STANDARD = "gnu++20";
				CLANG_ENABLE_MODULES = YES;
				CLANG_ENABLE_OBJC_ARC = YES;
				CLANG_ENABLE_OBJC_WEAK = YES;
				CLANG_WARN_BLOCK_CAPTURE_AUTORELEASING = YES;
				CLANG_WARN_BOOL_CONVERSION = YES;
				CLANG_WARN_COMMA = YES;
				CLANG_WARN_CONSTANT_CONVERSION = YES;
				CLANG_WARN_DEPRECATED_OBJC_IMPLEMENTATIONS = YES;
				CLANG_WARN_DIRECT_OBJC_ISA_USAGE = YES_ERROR;
				CLANG_WARN_DOCUMENTATION_COMMENTS = YES;
				CLANG_WARN_EMPTY_BODY = YES;
				CLANG_WARN_ENUM_CONVERSION = YES;
				CLANG_WARN_INFINITE_RECURSION = YES;
				CLANG_WARN_INT_CONVERSION = YES;
				CLANG_WARN_NON_LITERAL_NULL_CONVERSION = YES;
				CLANG_WARN_OBJC_IMPLICIT_RETAIN_SELF = YES;
				CLANG_WARN_OBJC_LITERAL_CONVERSION = YES;
				CLANG_WARN_OBJC_ROOT_CLASS = YES_ERROR;
				CLANG_WARN_QUOTED_INCLUDE_IN_FRAMEWORK_HEADER = YES;
				CLANG_WARN_RANGE_LOOP_ANALYSIS = YES;
				CLANG_WARN_STRICT_PROTOTYPES = YES;
				CLANG_WARN_SUSPICIOUS_MOVE = YES;
				CLANG_WARN_UNGUARDED_AVAILABILITY = YES_AGGRESSIVE;
				CLANG_WARN_UNREACHABLE_CODE = YES;
				CLANG_WARN__DUPLICATE_METHOD_MATCH = YES;
				COPY_PHASE_STRIP = NO;
				DEBUG_INFORMATION_FORMAT = "dwarf-with-dsym";
				ENABLE_NS_ASSERTIONS = NO;
				ENABLE_STRICT_OBJC_MSGSEND = YES;
				ENABLE_USER_SCRIPT_SANDBOXING = YES;
				GCC_C_LANGUAGE_STANDARD = gnu17;
				GCC_NO_COMMON_BLOCKS = YES;
				GCC_WARN_64_TO_32_BIT_CONVERSION = YES;
				GCC_WARN_ABOUT_RETURN_TYPE = YES_ERROR;
				GCC_WARN_UNDECLARED_SELECTOR = YES;
				GCC_WARN_UNINITIALIZED_AUTOS = YES_AGGRESSIVE;
				GCC_WARN_UNUSED_FUNCTION = YES;
				GCC_WARN_UNUSED_VARIABLE = YES;
				LOCALIZATION_PREFERS_STRING_CATALOGS = YES;
				MTL_ENABLE_DEBUG_INFO = NO;
				MTL_FAST_MATH = YES;
				SWIFT_COMPILATION_MODE = wholemodule;
			};
			name = Release;
		};
/* End XCBuildConfiguration section */

/* Begin XCConfigurationList section */
		AC298F59304DE9B6003A0093 /* Build configuration list for PBXProject "Quiet" */ = {
			isa = XCConfigurationList;
			buildConfigurations = (
				AC298FD2304DE9B7003A0093 /* Debug */,
				AC298FD3304DE9B7003A0093 /* Release */,
			);
			defaultConfigurationIsVisible = 0;
			defaultConfigurationName = Release;
		};
		AC298FBE304DE9B7003A0093 /* Build configuration list for PBXNativeTarget "Quiet Extension (iOS)" */ = {
			isa = XCConfigurationList;
			buildConfigurations = (
				AC298FBF304DE9B7003A0093 /* Debug */,
				AC298FC0304DE9B7003A0093 /* Release */,
			);
			defaultConfigurationIsVisible = 0;
			defaultConfigurationName = Release;
		};
		AC298FC3304DE9B7003A0093 /* Build configuration list for PBXNativeTarget "Quiet (iOS)" */ = {
			isa = XCConfigurationList;
			buildConfigurations = (
				AC298FC4304DE9B7003A0093 /* Debug */,
				AC298FC5304DE9B7003A0093 /* Release */,
			);
			defaultConfigurationIsVisible = 0;
			defaultConfigurationName = Release;
		};
		AC298FC8304DE9B7003A0093 /* Build configuration list for PBXNativeTarget "Quiet Extension (macOS)" */ = {
			isa = XCConfigurationList;
			buildConfigurations = (
				AC298FC9304DE9B7003A0093 /* Debug */,
				AC298FCA304DE9B7003A0093 /* Release */,
			);
			defaultConfigurationIsVisible = 0;
			defaultConfigurationName = Release;
		};
		AC298FCD304DE9B7003A0093 /* Build configuration list for PBXNativeTarget "Quiet (macOS)" */ = {
			isa = XCConfigurationList;
			buildConfigurations = (
				AC298FCE304DE9B7003A0093 /* Debug */,
				AC298FCF304DE9B7003A0093 /* Release */,
			);
			defaultConfigurationIsVisible = 0;
			defaultConfigurationName = Release;
		};
/* End XCConfigurationList section */

/* Begin XCLocalSwiftPackageReference section */
		722C1FF0E95C0717771ED168 /* XCLocalSwiftPackageReference "IndieKit" */ = {
			isa = XCLocalSwiftPackageReference;
			relativePath = ../Packages/IndieKit;
		};
		EDEFA45E395AB030CB5CD14B /* XCLocalSwiftPackageReference "QuietCore" */ = {
			isa = XCLocalSwiftPackageReference;
			relativePath = ../Packages/QuietCore;
		};
/* End XCLocalSwiftPackageReference section */

/* Begin XCSwiftPackageProductDependency section */
		0D5E79A5B360742653F5EA79 /* IndieKit */ = {
			isa = XCSwiftPackageProductDependency;
			package = 722C1FF0E95C0717771ED168 /* XCLocalSwiftPackageReference "IndieKit" */;
			productName = IndieKit;
		};
		10B6406459E92325CB4FF157 /* QuietCore */ = {
			isa = XCSwiftPackageProductDependency;
			package = EDEFA45E395AB030CB5CD14B /* XCLocalSwiftPackageReference "QuietCore" */;
			productName = QuietCore;
		};
		9704EE3B4D2426EE434FE056 /* QuietCore */ = {
			isa = XCSwiftPackageProductDependency;
			package = EDEFA45E395AB030CB5CD14B /* XCLocalSwiftPackageReference "QuietCore" */;
			productName = QuietCore;
		};
		A986A9D5AB4046F6F7BBE3A7 /* IndieKit */ = {
			isa = XCSwiftPackageProductDependency;
			package = 722C1FF0E95C0717771ED168 /* XCLocalSwiftPackageReference "IndieKit" */;
			productName = IndieKit;
		};
		ECECF32D9AA2D828697A1867 /* QuietCore */ = {
			isa = XCSwiftPackageProductDependency;
			package = EDEFA45E395AB030CB5CD14B /* XCLocalSwiftPackageReference "QuietCore" */;
			productName = QuietCore;
		};
		F03D0E6621DE3C5E2B94F2AC /* QuietCore */ = {
			isa = XCSwiftPackageProductDependency;
			package = EDEFA45E395AB030CB5CD14B /* XCLocalSwiftPackageReference "QuietCore" */;
			productName = QuietCore;
		};
/* End XCSwiftPackageProductDependency section */
	};
	rootObject = AC298F56304DE9B6003A0093 /* Project object */;
}
